
Microsoft Visual Studio Solution File, Format Version 12.00
# Visual Studio Version 17
VisualStudioVersion = 17.14.36705.20 d17.14
MinimumVisualStudioVersion = 10.0.40219.1
Project("{FAE04EC0-301F-11D3-BF4B-00C04F79EFBC}") = "MultiPlug.Ext.4IR.SMTMachine", "MultiPlug.Ext.4IR.SMTMachine\MultiPlug.Ext.4IR.SMTMachine.csproj", "{3825E1C2-2E46-4DE5-BC22-BEE94F037DC9}"
EndProject
Global
	GlobalSection(SolutionConfigurationPlatforms) = preSolution
		Debug|Any CPU = Debug|Any CPU
		Release|Any CPU = Release|Any CPU
	EndGlobalSection
	GlobalSection(ProjectConfigurationPlatforms) = postSolution
		{3825E1C2-2E46-4DE5-BC22-BEE94F037DC9}.Debug|Any CPU.ActiveCfg = Debug|Any CPU
		{3825E1C2-2E46-4DE5-BC22-BEE94F037DC9}.Debug|Any CPU.Build.0 = Debug|Any CPU
		{3825E1C2-2E46-4DE5-BC22-BEE94F037DC9}.Release|Any CPU.ActiveCfg = Release|Any CPU
		{3825E1C2-2E46-4DE5-BC22-BEE94F037DC9}.Release|Any CPU.Build.0 = Release|Any CPU
	EndGlobalSection
	GlobalSection(SolutionProperties) = preSolution
		HideSolutionNode = FALSE
	EndGlobalSection
	GlobalSection(ExtensibilityGlobals) = postSolution
		SolutionGuid = {B5A05FE9-189F-42BC-9559-381CF45E8EB8}
	EndGlobalSection
EndGlobal
